
Microsoft Visual Studio Solution File, Format Version 12.00
# Visual Studio Version 17
VisualStudioVersion = 17.5.002.0
MinimumVisualStudioVersion = 10.0.40219.1
Project("{9A19103F-16F7-4668-BE54-9A1E7A4F7556}") = "Projeto", "Projeto.csproj", "{D6512959-E491-4D74-81AA-07B3270C7AAD}"
EndProject
Global
	GlobalSection(SolutionConfigurationPlatforms) = preSolution
		Debug|Any CPU = Debug|Any CPU
		Release|Any CPU = Release|Any CPU
	EndGlobalSection
	GlobalSection(ProjectConfigurationPlatforms) = postSolution
		{D6512959-E491-4D74-81AA-07B3270C7AAD}.Debug|Any CPU.ActiveCfg = Debug|Any CPU
		{D6512959-E491-4D74-81AA-07B3270C7AAD}.Debug|Any CPU.Build.0 = Debug|Any CPU
		{D6512959-E491-4D74-81AA-07B3270C7AAD}.Release|Any CPU.ActiveCfg = Release|Any CPU
		{D6512959-E491-4D74-81AA-07B3270C7AAD}.Release|Any CPU.Build.0 = Release|Any CPU
	EndGlobalSection
	GlobalSection(SolutionProperties) = preSolution
		HideSolutionNode = FALSE
	EndGlobalSection
	GlobalSection(ExtensibilityGlobals) = postSolution
		SolutionGuid = {8BFA48F6-208C-417F-9E2D-9C4CB392B67B}
	EndGlobalSection
EndGlobal
